
Microsoft Visual Studio Solution File, Format Version 12.00
# Visual Studio 14
VisualStudioVersion = 14.0.25420.1
MinimumVisualStudioVersion = 10.0.40219.1
Project("{FAE04EC0-301F-11D3-BF4B-00C04F79EFBC}") = "thompson", "thompson\thompson.csproj", "{601C9251-EF83-4B48-94FF-DE87940358B0}"
EndProject
Project("{2150E333-8FDC-42A3-9474-1A3956D46DE8}") = "Solution Items", "Solution Items", "{DAC8261C-089E-40E0-93C2-529454A72D31}"
	ProjectSection(SolutionItems) = preProject
		Bitmap1.bmp = Bitmap1.bmp
	EndProjectSection
EndProject
Project("{8BC9CEB8-8B4A-11D0-8D11-00A0C91BC942}") = "core", "core\core.vcxproj", "{BEB4B25D-E9DB-4175-9FB3-F3CD514F5818}"
EndProject
Project("{8BC9CEB8-8B4A-11D0-8D11-00A0C91BC942}") = "rentspace_api", "..\rentspace_api\rentspace_api\rentspace_api.vcxproj", "{6E6E265A-8558-4FA9-B39F-568B55B0D325}"
EndProject
Global
	GlobalSection(SolutionConfigurationPlatforms) = preSolution
		Debug|Any CPU = Debug|Any CPU
		Debug|x64 = Debug|x64
		Debug|x86 = Debug|x86
		Release|Any CPU = Release|Any CPU
		Release|x64 = Release|x64
		Release|x86 = Release|x86
	EndGlobalSection
	GlobalSection(ProjectConfigurationPlatforms) = postSolution
		{601C9251-EF83-4B48-94FF-DE87940358B0}.Debug|Any CPU.ActiveCfg = Debug|Any CPU
		{601C9251-EF83-4B48-94FF-DE87940358B0}.Debug|Any CPU.Build.0 = Debug|Any CPU
		{601C9251-EF83-4B48-94FF-DE87940358B0}.Debug|x64.ActiveCfg = Debug|Any CPU
		{601C9251-EF83-4B48-94FF-DE87940358B0}.Debug|x64.Build.0 = Debug|Any CPU
		{601C9251-EF83-4B48-94FF-DE87940358B0}.Debug|x86.ActiveCfg = Debug|Any CPU
		{601C9251-EF83-4B48-94FF-DE87940358B0}.Debug|x86.Build.0 = Debug|Any CPU
		{601C9251-EF83-4B48-94FF-DE87940358B0}.Release|Any CPU.ActiveCfg = Release|Any CPU
		{601C9251-EF83-4B48-94FF-DE87940358B0}.Release|Any CPU.Build.0 = Release|Any CPU
		{601C9251-EF83-4B48-94FF-DE87940358B0}.Release|x64.ActiveCfg = Release|Any CPU
		{601C9251-EF83-4B48-94FF-DE87940358B0}.Release|x64.Build.0 = Release|Any CPU
		{601C9251-EF83-4B48-94FF-DE87940358B0}.Release|x86.ActiveCfg = Release|Any CPU
		{601C9251-EF83-4B48-94FF-DE87940358B0}.Release|x86.Build.0 = Release|Any CPU
		{BEB4B25D-E9DB-4175-9FB3-F3CD514F5818}.Debug|Any CPU.ActiveCfg = Debug|Win32
		{BEB4B25D-E9DB-4175-9FB3-F3CD514F5818}.Debug|x64.ActiveCfg = Debug|x64
		{BEB4B25D-E9DB-4175-9FB3-F3CD514F5818}.Debug|x64.Build.0 = Debug|x64
		{BEB4B25D-E9DB-4175-9FB3-F3CD514F5818}.Debug|x86.ActiveCfg = Debug|Win32
		{BEB4B25D-E9DB-4175-9FB3-F3CD514F5818}.Debug|x86.Build.0 = Debug|Win32
		{BEB4B25D-E9DB-4175-9FB3-F3CD514F5818}.Release|Any CPU.ActiveCfg = Release|Win32
		{BEB4B25D-E9DB-4175-9FB3-F3CD514F5818}.Release|x64.ActiveCfg = Release|x64
		{BEB4B25D-E9DB-4175-9FB3-F3CD514F5818}.Release|x64.Build.0 = Release|x64
		{BEB4B25D-E9DB-4175-9FB3-F3CD514F5818}.Release|x86.ActiveCfg = Release|Win32
		{BEB4B25D-E9DB-4175-9FB3-F3CD514F5818}.Release|x86.Build.0 = Release|Win32
		{6E6E265A-8558-4FA9-B39F-568B55B0D325}.Debug|Any CPU.ActiveCfg = Debug|Win32
		{6E6E265A-8558-4FA9-B39F-568B55B0D325}.Debug|x64.ActiveCfg = Debug|x64
		{6E6E265A-8558-4FA9-B39F-568B55B0D325}.Debug|x64.Build.0 = Debug|x64
		{6E6E265A-8558-4FA9-B39F-568B55B0D325}.Debug|x86.ActiveCfg = Debug|Win32
		{6E6E265A-8558-4FA9-B39F-568B55B0D325}.Debug|x86.Build.0 = Debug|Win32
		{6E6E265A-8558-4FA9-B39F-568B55B0D325}.Release|Any CPU.ActiveCfg = Release|Win32
		{6E6E265A-8558-4FA9-B39F-568B55B0D325}.Release|x64.ActiveCfg = Release|x64
		{6E6E265A-8558-4FA9-B39F-568B55B0D325}.Release|x64.Build.0 = Release|x64
		{6E6E265A-8558-4FA9-B39F-568B55B0D325}.Release|x86.ActiveCfg = Release|Win32
		{6E6E265A-8558-4FA9-B39F-568B55B0D325}.Release|x86.Build.0 = Release|Win32
	EndGlobalSection
	GlobalSection(SolutionProperties) = preSolution
		HideSolutionNode = FALSE
	EndGlobalSection
EndGlobal
